
Microsoft Visual Studio Solution File, Format Version 12.00
# Visual Studio Version 17
VisualStudioVersion = 17.2.32630.192
MinimumVisualStudioVersion = 10.0.40219.1
Project("{9A19103F-16F7-4668-BE54-9A1E7A4F7556}") = "SeleniumFramework", "SeleniumFramework.csproj", "{64708490-6946-4A38-9DAF-9E23A9068E8A}"
EndProject
Project("{2150E333-8FDC-42A3-9474-1A3956D46DE8}") = "Solution Items", "Solution Items", "{FE97AE56-819C-4146-A046-4E47DD3D4CDA}"
	ProjectSection(SolutionItems) = preProject
		TextFile1.txt = TextFile1.txt
	EndProjectSection
EndProject
Global
	GlobalSection(SolutionConfigurationPlatforms) = preSolution
		Debug|Any CPU = Debug|Any CPU
		Release|Any CPU = Release|Any CPU
	EndGlobalSection
	GlobalSection(ProjectConfigurationPlatforms) = postSolution
		{64708490-6946-4A38-9DAF-9E23A9068E8A}.Debug|Any CPU.ActiveCfg = Debug|Any CPU
		{64708490-6946-4A38-9DAF-9E23A9068E8A}.Debug|Any CPU.Build.0 = Debug|Any CPU
		{64708490-6946-4A38-9DAF-9E23A9068E8A}.Release|Any CPU.ActiveCfg = Release|Any CPU
		{64708490-6946-4A38-9DAF-9E23A9068E8A}.Release|Any CPU.Build.0 = Release|Any CPU
	EndGlobalSection
	GlobalSection(SolutionProperties) = preSolution
		HideSolutionNode = FALSE
	EndGlobalSection
	GlobalSection(ExtensibilityGlobals) = postSolution
		SolutionGuid = {BFEF1630-2701-4521-8477-5CAEC6405C6A}
	EndGlobalSection
EndGlobal
